// !$*UTF8*$!
{
	archiveVersion = 1;
	classes = {
	};
	objectVersion = 55;
	objects = {

/* Begin PBXBuildFile section */
		A67CF587275BE34000A31EEB /* FastlaneApp.swift in Sources */ = {isa = PBXBuildFile; fileRef = A67CF586275BE34000A31EEB /* FastlaneApp.swift */; };
		A67CF589275BE34000A31EEB /* ContentView.swift in Sources */ = {isa = PBXBuildFile; fileRef = A67CF588275BE34000A31EEB /* ContentView.swift */; };
		A67CF58B275BE34100A31EEB /* Assets.xcassets in Resources */ = {isa = PBXBuildFile; fileRef = A67CF58A275BE34100A31EEB /* Assets.xcassets */; };
		A67CF58E275BE34100A31EEB /* Preview Assets.xcassets in Resources */ = {isa = PBXBuildFile; fileRef = A67CF58D275BE34100A31EEB /* Preview Assets.xcassets */; };
		A67CF598275BE34200A31EEB /* FastlaneTests.swift in Sources */ = {isa = PBXBuildFile; fileRef = A67CF597275BE34200A31EEB /* FastlaneTests.swift */; };
		A67CF5A2275BE34200A31EEB /* FastlaneUITests.swift in Sources */ = {isa = PBXBuildFile; fileRef = A67CF5A1275BE34200A31EEB /* FastlaneUITests.swift */; };
		A67CF5A4275BE34200A31EEB /* FastlaneUITestsLaunchTests.swift in Sources */ = {isa = PBXBuildFile; fileRef = A67CF5A3275BE34200A31EEB /* FastlaneUITestsLaunchTests.swift */; };
		A67CF5B1275C080100A31EEB /* SnapshotHelper.swift in Sources */ = {isa = PBXBuildFile; fileRef = A67CF5B0275C080100A31EEB /* SnapshotHelper.swift */; };
/* End PBXBuildFile section */

/* Begin PBXContainerItemProxy section */
		A67CF594275BE34200A31EEB /* PBXContainerItemProxy */ = {
			isa = PBXContainerItemProxy;
			containerPortal = A67CF57B275BE34000A31EEB /* Project object */;
			proxyType = 1;
			remoteGlobalIDString = A67CF582275BE34000A31EEB;
			remoteInfo = Fastlane;
		};
		A67CF59E275BE34200A31EEB /* PBXContainerItemProxy */ = {
			isa = PBXContainerItemProxy;
			containerPortal = A67CF57B275BE34000A31EEB /* Project object */;
			proxyType = 1;
			remoteGlobalIDString = A67CF582275BE34000A31EEB;
			remoteInfo = Fastlane;
		};
/* End PBXContainerItemProxy section */

/* Begin PBXFileReference section */
		A67CF583275BE34000A31EEB /* Fastlane.app */ = {isa = PBXFileReference; explicitFileType = wrapper.application; includeInIndex = 0; path = Fastlane.app; sourceTree = BUILT_PRODUCTS_DIR; };
		A67CF586275BE34000A31EEB /* FastlaneApp.swift */ = {isa = PBXFileReference; lastKnownFileType = sourcecode.swift; path = FastlaneApp.swift; sourceTree = "<group>"; };
		A67CF588275BE34000A31EEB /* ContentView.swift */ = {isa = PBXFileReference; lastKnownFileType = sourcecode.swift; path = ContentView.swift; sourceTree = "<group>"; };
		A67CF58A275BE34100A31EEB /* Assets.xcassets */ = {isa = PBXFileReference; lastKnownFileType = folder.assetcatalog; path = Assets.xcassets; sourceTree = "<group>"; };
		A67CF58D275BE34100A31EEB /* Preview Assets.xcassets */ = {isa = PBXFileReference; lastKnownFileType = folder.assetcatalog; path = "Preview Assets.xcassets"; sourceTree = "<group>"; };
		A67CF593275BE34200A31EEB /* FastlaneTests.xctest */ = {isa = PBXFileReference; explicitFileType = wrapper.cfbundle; includeInIndex = 0; path = FastlaneTests.xctest; sourceTree = BUILT_PRODUCTS_DIR; };
		A67CF597275BE34200A31EEB /* FastlaneTests.swift */ = {isa = PBXFileReference; lastKnownFileType = sourcecode.swift; path = FastlaneTests.swift; sourceTree = "<group>"; };
		A67CF59D275BE34200A31EEB /* FastlaneUITests.xctest */ = {isa = PBXFileReference; explicitFileType = wrapper.cfbundle; includeInIndex = 0; path = FastlaneUITests.xctest; sourceTree = BUILT_PRODUCTS_DIR; };
		A67CF5A1275BE34200A31EEB /* FastlaneUITests.swift */ = {isa = PBXFileReference; lastKnownFileType = sourcecode.swift; path = FastlaneUITests.swift; sourceTree = "<group>"; };
		A67CF5A3275BE34200A31EEB /* FastlaneUITestsLaunchTests.swift */ = {isa = PBXFileReference; lastKnownFileType = sourcecode.swift; path = FastlaneUITestsLaunchTests.swift; sourceTree = "<group>"; };
		A67CF5B0275C080100A31EEB /* SnapshotHelper.swift */ = {isa = PBXFileReference; fileEncoding = 4; lastKnownFileType = sourcecode.swift; name = SnapshotHelper.swift; path = Fastlane/SnapshotHelper.swift; sourceTree = SOURCE_ROOT; };
/* End PBXFileReference section */

/* Begin PBXFrameworksBuildPhase section */
		A67CF580275BE34000A31EEB /* Frameworks */ = {
			isa = PBXFrameworksBuildPhase;
			buildActionMask = 2147483647;
			files = (
			);
			runOnlyForDeploymentPostprocessing = 0;
		};
		A67CF590275BE34200A31EEB /* Frameworks */ = {
			isa = PBXFrameworksBuildPhase;
			buildActionMask = 2147483647;
			files = (
			);
			runOnlyForDeploymentPostprocessing = 0;
		};
		A67CF59A275BE34200A31EEB /* Frameworks */ = {
			isa = PBXFrameworksBuildPhase;
			buildActionMask = 2147483647;
			files = (
			);
			runOnlyForDeploymentPostprocessing = 0;
		};
/* End PBXFrameworksBuildPhase section */

/* Begin PBXGroup section */
		A67CF57A275BE34000A31EEB = {
			isa = PBXGroup;
			children = (
				A67CF585275BE34000A31EEB /* Fastlane */,
				A67CF596275BE34200A31EEB /* FastlaneTests */,
				A67CF5A0275BE34200A31EEB /* FastlaneUITests */,
				A67CF584275BE34000A31EEB /* Products */,
			);
			sourceTree = "<group>";
		};
		A67CF584275BE34000A31EEB /* Products */ = {
			isa = PBXGroup;
			children = (
				A67CF583275BE34000A31EEB /* Fastlane.app */,
				A67CF593275BE34200A31EEB /* FastlaneTests.xctest */,
				A67CF59D275BE34200A31EEB /* FastlaneUITests.xctest */,
			);
			name = Products;
			sourceTree = "<group>";
		};
		A67CF585275BE34000A31EEB /* Fastlane */ = {
			isa = PBXGroup;
			children = (
				A67CF586275BE34000A31EEB /* FastlaneApp.swift */,
				A67CF588275BE34000A31EEB /* ContentView.swift */,
				A67CF58A275BE34100A31EEB /* Assets.xcassets */,
				A67CF58C275BE34100A31EEB /* Preview Content */,
			);
			path = Fastlane;
			sourceTree = "<group>";
		};
		A67CF58C275BE34100A31EEB /* Preview Content */ = {
			isa = PBXGroup;
			children = (
				A67CF58D275BE34100A31EEB /* Preview Assets.xcassets */,
			);
			path = "Preview Content";
			sourceTree = "<group>";
		};
		A67CF596275BE34200A31EEB /* FastlaneTests */ = {
			isa = PBXGroup;
			children = (
				A67CF5B0275C080100A31EEB /* SnapshotHelper.swift */,
				A67CF597275BE34200A31EEB /* FastlaneTests.swift */,
			);
			path = FastlaneTests;
			sourceTree = "<group>";
		};
		A67CF5A0275BE34200A31EEB /* FastlaneUITests */ = {
			isa = PBXGroup;
			children = (
				A67CF5A1275BE34200A31EEB /* FastlaneUITests.swift */,
				A67CF5A3275BE34200A31EEB /* FastlaneUITestsLaunchTests.swift */,
			);
			path = FastlaneUITests;
			sourceTree = "<group>";
		};
/* End PBXGroup section */

/* Begin PBXNativeTarget section */
		A67CF582275BE34000A31EEB /* Fastlane */ = {
			isa = PBXNativeTarget;
			buildConfigurationList = A67CF5A7275BE34200A31EEB /* Build configuration list for PBXNativeTarget "Fastlane" */;
			buildPhases = (
				A67CF57F275BE34000A31EEB /* Sources */,
				A67CF580275BE34000A31EEB /* Frameworks */,
				A67CF581275BE34000A31EEB /* Resources */,
			);
			buildRules = (
			);
			dependencies = (
			);
			name = Fastlane;
			productName = Fastlane;
			productReference = A67CF583275BE34000A31EEB /* Fastlane.app */;
			productType = "com.apple.product-type.application";
		};
		A67CF592275BE34200A31EEB /* FastlaneTests */ = {
			isa = PBXNativeTarget;
			buildConfigurationList = A67CF5AA275BE34200A31EEB /* Build configuration list for PBXNativeTarget "FastlaneTests" */;
			buildPhases = (
				A67CF58F275BE34200A31EEB /* Sources */,
				A67CF590275BE34200A31EEB /* Frameworks */,
				A67CF591275BE34200A31EEB /* Resources */,
			);
			buildRules = (
			);
			dependencies = (
				A67CF595275BE34200A31EEB /* PBXTargetDependency */,
			);
			name = FastlaneTests;
			productName = FastlaneTests;
			productReference = A67CF593275BE34200A31EEB /* FastlaneTests.xctest */;
			productType = "com.apple.product-type.bundle.unit-test";
		};
		A67CF59C275BE34200A31EEB /* FastlaneUITests */ = {
			isa = PBXNativeTarget;
			buildConfigurationList = A67CF5AD275BE34200A31EEB /* Build configuration list for PBXNativeTarget "FastlaneUITests" */;
			buildPhases = (
				A67CF599275BE34200A31EEB /* Sources */,
				A67CF59A275BE34200A31EEB /* Frameworks */,
				A67CF59B275BE34200A31EEB /* Resources */,
			);
			buildRules = (
			);
			dependencies = (
				A67CF59F275BE34200A31EEB /* PBXTargetDependency */,
			);
			name = FastlaneUITests;
			productName = FastlaneUITests;
			productReference = A67CF59D275BE34200A31EEB /* FastlaneUITests.xctest */;
			productType = "com.apple.product-type.bundle.ui-testing";
		};
/* End PBXNativeTarget section */

/* Begin PBXProject section */
		A67CF57B275BE34000A31EEB /* Project object */ = {
			isa = PBXProject;
			attributes = {
				BuildIndependentTargetsInParallel = 1;
				LastSwiftUpdateCheck = 1310;
				LastUpgradeCheck = 1310;
				TargetAttributes = {
					A67CF582275BE34000A31EEB = {
						CreatedOnToolsVersion = 13.1;
					};
					A67CF592275BE34200A31EEB = {
						CreatedOnToolsVersion = 13.1;
						TestTargetID = A67CF582275BE34000A31EEB;
					};
					A67CF59C275BE34200A31EEB = {
						CreatedOnToolsVersion = 13.1;
						TestTargetID = A67CF582275BE34000A31EEB;
					};
				};
			};
			buildConfigurationList = A67CF57E275BE34000A31EEB /* Build configuration list for PBXProject "Fastlane" */;
			compatibilityVersion = "Xcode 13.0";
			developmentRegion = en;
			hasScannedForEncodings = 0;
			knownRegions = (
				en,
				Base,
			);
			mainGroup = A67CF57A275BE34000A31EEB;
			productRefGroup = A67CF584275BE34000A31EEB /* Products */;
			projectDirPath = "";
			projectRoot = "";
			targets = (
				A67CF582275BE34000A31EEB /* Fastlane */,
				A67CF592275BE34200A31EEB /* FastlaneTests */,
				A67CF59C275BE34200A31EEB /* FastlaneUITests */,
			);
		};
/* End PBXProject section */

/* Begin PBXResourcesBuildPhase section */
		A67CF581275BE34000A31EEB /* Resources */ = {
			isa = PBXResourcesBuildPhase;
			buildActionMask = 2147483647;
			files = (
				A67CF58E275BE34100A31EEB /* Preview Assets.xcassets in Resources */,
				A67CF58B275BE34100A31EEB /* Assets.xcassets in Resources */,
			);
			runOnlyForDeploymentPostprocessing = 0;
		};
		A67CF591275BE34200A31EEB /* Resources */ = {
			isa = PBXResourcesBuildPhase;
			buildActionMask = 2147483647;
			files = (
			);
			runOnlyForDeploymentPostprocessing = 0;
		};
		A67CF59B275BE34200A31EEB /* Resources */ = {
			isa = PBXResourcesBuildPhase;
			buildActionMask = 2147483647;
			files = (
			);
			runOnlyForDeploymentPostprocessing = 0;
		};
/* End PBXResourcesBuildPhase section */

/* Begin PBXSourcesBuildPhase section */
		A67CF57F275BE34000A31EEB /* Sources */ = {
			isa = PBXSourcesBuildPhase;
			buildActionMask = 2147483647;
			files = (
				A67CF589275BE34000A31EEB /* ContentView.swift in Sources */,
				A67CF587275BE34000A31EEB /* FastlaneApp.swift in Sources */,
			);
			runOnlyForDeploymentPostprocessing = 0;
		};
		A67CF58F275BE34200A31EEB /* Sources */ = {
			isa = PBXSourcesBuildPhase;
			buildActionMask = 2147483647;
			files = (
				A67CF598275BE34200A31EEB /* FastlaneTests.swift in Sources */,
			);
			runOnlyForDeploymentPostprocessing = 0;
		};
		A67CF599275BE34200A31EEB /* Sources */ = {
			isa = PBXSourcesBuildPhase;
			buildActionMask = 2147483647;
			files = (
				A67CF5A4275BE34200A31EEB /* FastlaneUITestsLaunchTests.swift in Sources */,
				A67CF5A2275BE34200A31EEB /* FastlaneUITests.swift in Sources */,
				A67CF5B1275C080100A31EEB /* SnapshotHelper.swift in Sources */,
			);
			runOnlyForDeploymentPostprocessing = 0;
		};
/* End PBXSourcesBuildPhase section */

/* Begin PBXTargetDependency section */
		A67CF595275BE34200A31EEB /* PBXTargetDependency */ = {
			isa = PBXTargetDependency;
			target = A67CF582275BE34000A31EEB /* Fastlane */;
			targetProxy = A67CF594275BE34200A31EEB /* PBXContainerItemProxy */;
		};
		A67CF59F275BE34200A31EEB /* PBXTargetDependency */ = {
			isa = PBXTargetDependency;
			target = A67CF582275BE34000A31EEB /* Fastlane */;
			targetProxy = A67CF59E275BE34200A31EEB /* PBXContainerItemProxy */;
		};
/* End PBXTargetDependency section */

/* Begin XCBuildConfiguration section */
		A67CF5A5275BE34200A31EEB /* Debug */ = {
			isa = XCBuildConfiguration;
			buildSettings = {
				ALWAYS_SEARCH_USER_PATHS = NO;
				CLANG_ANALYZER_NONNULL = YES;
				CLANG_ANALYZER_NUMBER_OBJECT_CONVERSION = YES_AGGRESSIVE;
				CLANG_CXX_LANGUAGE_STANDARD = "gnu++17";
				CLANG_CXX_LIBRARY = "libc++";
				CLANG_ENABLE_MODULES = YES;
				CLANG_ENABLE_OBJC_ARC = YES;
				CLANG_ENABLE_OBJC_WEAK = YES;
				CLANG_WARN_BLOCK_CAPTURE_AUTORELEASING = YES;
				CLANG_WARN_BOOL_CONVERSION = YES;
				CLANG_WARN_COMMA = YES;
				CLANG_WARN_CONSTANT_CONVERSION = YES;
				CLANG_WARN_DEPRECATED_OBJC_IMPLEMENTATIONS = YES;
				CLANG_WARN_DIRECT_OBJC_ISA_USAGE = YES_ERROR;
				CLANG_WARN_DOCUMENTATION_COMMENTS = YES;
				CLANG_WARN_EMPTY_BODY = YES;
				CLANG_WARN_ENUM_CONVERSION = YES;
				CLANG_WARN_INFINITE_RECURSION = YES;
				CLANG_WARN_INT_CONVERSION = YES;
				CLANG_WARN_NON_LITERAL_NULL_CONVERSION = YES;
				CLANG_WARN_OBJC_IMPLICIT_RETAIN_SELF = YES;
				CLANG_WARN_OBJC_LITERAL_CONVERSION = YES;
				CLANG_WARN_OBJC_ROOT_CLASS = YES_ERROR;
				CLANG_WARN_QUOTED_INCLUDE_IN_FRAMEWORK_HEADER = YES;
				CLANG_WARN_RANGE_LOOP_ANALYSIS = YES;
				CLANG_WARN_STRICT_PROTOTYPES = YES;
				CLANG_WARN_SUSPICIOUS_MOVE = YES;
				CLANG_WARN_UNGUARDED_AVAILABILITY = YES_AGGRESSIVE;
				CLANG_WARN_UNREACHABLE_CODE = YES;
				CLANG_WARN__DUPLICATE_METHOD_MATCH = YES;
				COPY_PHASE_STRIP = NO;
				DEBUG_INFORMATION_FORMAT = dwarf;
				ENABLE_STRICT_OBJC_MSGSEND = YES;
				ENABLE_TESTABILITY = YES;
				GCC_C_LANGUAGE_STANDARD = gnu11;
				GCC_DYNAMIC_NO_PIC = NO;
				GCC_NO_COMMON_BLOCKS = YES;
				GCC_OPTIMIZATION_LEVEL = 0;
				GCC_PREPROCESSOR_DEFINITIONS = (
					"DEBUG=1",
					"$(inherited)",
				);
				GCC_WARN_64_TO_32_BIT_CONVERSION = YES;
				GCC_WARN_ABOUT_RETURN_TYPE = YES_ERROR;
				GCC_WARN_UNDECLARED_SELECTOR = YES;
				GCC_WARN_UNINITIALIZED_AUTOS = YES_AGGRESSIVE;
				GCC_WARN_UNUSED_FUNCTION = YES;
				GCC_WARN_UNUSED_VARIABLE = YES;
				MTL_ENABLE_DEBUG_INFO = INCLUDE_SOURCE;
				MTL_FAST_MATH = YES;
				ONLY_ACTIVE_ARCH = YES;
				SDKROOT = appletvos;
				SWIFT_ACTIVE_COMPILATION_CONDITIONS = DEBUG;
				SWIFT_OPTIMIZATION_LEVEL = "-Onone";
				TVOS_DEPLOYMENT_TARGET = 15.0;
			};
			name = Debug;
		};
		A67CF5A6275BE34200A31EEB /* Release */ = {
			isa = XCBuildConfiguration;
			buildSettings = {
				ALWAYS_SEARCH_USER_PATHS = NO;
				CLANG_ANALYZER_NONNULL = YES;
				CLANG_ANALYZER_NUMBER_OBJECT_CONVERSION = YES_AGGRESSIVE;
				CLANG_CXX_LANGUAGE_STANDARD = "gnu++17";
				CLANG_CXX_LIBRARY = "libc++";
				CLANG_ENABLE_MODULES = YES;
				CLANG_ENABLE_OBJC_ARC = YES;
				CLANG_ENABLE_OBJC_WEAK = YES;
				CLANG_WARN_BLOCK_CAPTURE_AUTORELEASING = YES;
				CLANG_WARN_BOOL_CONVERSION = YES;
				CLANG_WARN_COMMA = YES;
				CLANG_WARN_CONSTANT_CONVERSION = YES;
				CLANG_WARN_DEPRECATED_OBJC_IMPLEMENTATIONS = YES;
				CLANG_WARN_DIRECT_OBJC_ISA_USAGE = YES_ERROR;
				CLANG_WARN_DOCUMENTATION_COMMENTS = YES;
				CLANG_WARN_EMPTY_BODY = YES;
				CLANG_WARN_ENUM_CONVERSION = YES;
				CLANG_WARN_INFINITE_RECURSION = YES;
				CLANG_WARN_INT_CONVERSION = YES;
				CLANG_WARN_NON_LITERAL_NULL_CONVERSION = YES;
				CLANG_WARN_OBJC_IMPLICIT_RETAIN_SELF = YES;
				CLANG_WARN_OBJC_LITERAL_CONVERSION = YES;
				CLANG_WARN_OBJC_ROOT_CLASS = YES_ERROR;
				CLANG_WARN_QUOTED_INCLUDE_IN_FRAMEWORK_HEADER = YES;
				CLANG_WARN_RANGE_LOOP_ANALYSIS = YES;
				CLANG_WARN_STRICT_PROTOTYPES = YES;
				CLANG_WARN_SUSPICIOUS_MOVE = YES;
				CLANG_WARN_UNGUARDED_AVAILABILITY = YES_AGGRESSIVE;
				CLANG_WARN_UNREACHABLE_CODE = YES;
				CLANG_WARN__DUPLICATE_METHOD_MATCH = YES;
				COPY_PHASE_STRIP = NO;
				DEBUG_INFORMATION_FORMAT = "dwarf-with-dsym";
				ENABLE_NS_ASSERTIONS = NO;
				ENABLE_STRICT_OBJC_MSGSEND = YES;
				GCC_C_LANGUAGE_STANDARD = gnu11;
				GCC_NO_COMMON_BLOCKS = YES;
				GCC_WARN_64_TO_32_BIT_CONVERSION = YES;
				GCC_WARN_ABOUT_RETURN_TYPE = YES_ERROR;
				GCC_WARN_UNDECLARED_SELECTOR = YES;
				GCC_WARN_UNINITIALIZED_AUTOS = YES_AGGRESSIVE;
				GCC_WARN_UNUSED_FUNCTION = YES;
				GCC_WARN_UNUSED_VARIABLE = YES;
				MTL_ENABLE_DEBUG_INFO = NO;
				MTL_FAST_MATH = YES;
				SDKROOT = appletvos;
				SWIFT_COMPILATION_MODE = wholemodule;
				SWIFT_OPTIMIZATION_LEVEL = "-O";
				TVOS_DEPLOYMENT_TARGET = 15.0;
				VALIDATE_PRODUCT = YES;
			};
			name = Release;
		};
		A67CF5A8275BE34200A31EEB /* Debug */ = {
			isa = XCBuildConfiguration;
			buildSettings = {
				ASSETCATALOG_COMPILER_APPICON_NAME = "App Icon & Top Shelf Image";
				ASSETCATALOG_COMPILER_GLOBAL_ACCENT_COLOR_NAME = AccentColor;
				CODE_SIGN_STYLE = Automatic;
				CURRENT_PROJECT_VERSION = 1;
				DEVELOPMENT_ASSET_PATHS = "\"Fastlane/Preview Content\"";
				ENABLE_PREVIEWS = YES;
				GENERATE_INFOPLIST_FILE = YES;
				INFOPLIST_KEY_UILaunchScreen_Generation = YES;
				INFOPLIST_KEY_UIUserInterfaceStyle = Automatic;
				LD_RUNPATH_SEARCH_PATHS = (
					"$(inherited)",
					"@executable_path/Frameworks",
				);
				MARKETING_VERSION = 1.0;
				PRODUCT_BUNDLE_IDENTIFIER = com.viaplay.ViaplayGenerateScreenshots.Fastlane;
				PRODUCT_NAME = "$(TARGET_NAME)";
				SWIFT_EMIT_LOC_STRINGS = YES;
				SWIFT_VERSION = 5.0;
				TARGETED_DEVICE_FAMILY = 3;
			};
			name = Debug;
		};
		A67CF5A9275BE34200A31EEB /* Release */ = {
			isa = XCBuildConfiguration;
			buildSettings = {
				ASSETCATALOG_COMPILER_APPICON_NAME = "App Icon & Top Shelf Image";
				ASSETCATALOG_COMPILER_GLOBAL_ACCENT_COLOR_NAME = AccentColor;
				CODE_SIGN_STYLE = Automatic;
				CURRENT_PROJECT_VERSION = 1;
				DEVELOPMENT_ASSET_PATHS = "\"Fastlane/Preview Content\"";
				ENABLE_PREVIEWS = YES;
				GENERATE_INFOPLIST_FILE = YES;
				INFOPLIST_KEY_UILaunchScreen_Generation = YES;
				INFOPLIST_KEY_UIUserInterfaceStyle = Automatic;
				LD_RUNPATH_SEARCH_PATHS = (
					"$(inherited)",
					"@executable_path/Frameworks",
				);
				MARKETING_VERSION = 1.0;
				PRODUCT_BUNDLE_IDENTIFIER = com.viaplay.ViaplayGenerateScreenshots.Fastlane;
				PRODUCT_NAME = "$(TARGET_NAME)";
				SWIFT_EMIT_LOC_STRINGS = YES;
				SWIFT_VERSION = 5.0;
				TARGETED_DEVICE_FAMILY = 3;
			};
			name = Release;
		};
		A67CF5AB275BE34200A31EEB /* Debug */ = {
			isa = XCBuildConfiguration;
			buildSettings = {
				ALWAYS_EMBED_SWIFT_STANDARD_LIBRARIES = YES;
				BUNDLE_LOADER = "$(TEST_HOST)";
				CODE_SIGN_STYLE = Automatic;
				CURRENT_PROJECT_VERSION = 1;
				GENERATE_INFOPLIST_FILE = YES;
				LD_RUNPATH_SEARCH_PATHS = (
					"$(inherited)",
					"@executable_path/Frameworks",
					"@loader_path/Frameworks",
				);
				MARKETING_VERSION = 1.0;
				PRODUCT_BUNDLE_IDENTIFIER = com.viaplay.ViaplayGenerateScreenshots.FastlaneTests;
				PRODUCT_NAME = "$(TARGET_NAME)";
				SWIFT_EMIT_LOC_STRINGS = NO;
				SWIFT_VERSION = 5.0;
				TARGETED_DEVICE_FAMILY = 3;
				TEST_HOST = "$(BUILT_PRODUCTS_DIR)/Fastlane.app/Fastlane";
				TVOS_DEPLOYMENT_TARGET = 15.0;
			};
			name = Debug;
		};
		A67CF5AC275BE34200A31EEB /* Release */ = {
			isa = XCBuildConfiguration;
			buildSettings = {
				ALWAYS_EMBED_SWIFT_STANDARD_LIBRARIES = YES;
				BUNDLE_LOADER = "$(TEST_HOST)";
				CODE_SIGN_STYLE = Automatic;
				CURRENT_PROJECT_VERSION = 1;
				GENERATE_INFOPLIST_FILE = YES;
				LD_RUNPATH_SEARCH_PATHS = (
					"$(inherited)",
					"@executable_path/Frameworks",
					"@loader_path/Frameworks",
				);
				MARKETING_VERSION = 1.0;
				PRODUCT_BUNDLE_IDENTIFIER = com.viaplay.ViaplayGenerateScreenshots.FastlaneTests;
				PRODUCT_NAME = "$(TARGET_NAME)";
				SWIFT_EMIT_LOC_STRINGS = NO;
				SWIFT_VERSION = 5.0;
				TARGETED_DEVICE_FAMILY = 3;
				TEST_HOST = "$(BUILT_PRODUCTS_DIR)/Fastlane.app/Fastlane";
				TVOS_DEPLOYMENT_TARGET = 15.0;
			};
			name = Release;
		};
		A67CF5AE275BE34200A31EEB /* Debug */ = {
			isa = XCBuildConfiguration;
			buildSettings = {
				ALWAYS_EMBED_SWIFT_STANDARD_LIBRARIES = YES;
				CODE_SIGN_STYLE = Automatic;
				CURRENT_PROJECT_VERSION = 1;
				GENERATE_INFOPLIST_FILE = YES;
				LD_RUNPATH_SEARCH_PATHS = (
					"$(inherited)",
					"@executable_path/Frameworks",
					"@loader_path/Frameworks",
				);
				MARKETING_VERSION = 1.0;
				PRODUCT_BUNDLE_IDENTIFIER = com.viaplay.ViaplayGenerateScreenshots.FastlaneUITests;
				PRODUCT_NAME = "$(TARGET_NAME)";
				SWIFT_EMIT_LOC_STRINGS = NO;
				SWIFT_VERSION = 5.0;
				TARGETED_DEVICE_FAMILY = 3;
				TEST_TARGET_NAME = Fastlane;
			};
			name = Debug;
		};
		A67CF5AF275BE34200A31EEB /* Release */ = {
			isa = XCBuildConfiguration;
			buildSettings = {
				ALWAYS_EMBED_SWIFT_STANDARD_LIBRARIES = YES;
				CODE_SIGN_STYLE = Automatic;
				CURRENT_PROJECT_VERSION = 1;
				GENERATE_INFOPLIST_FILE = YES;
				LD_RUNPATH_SEARCH_PATHS = (
					"$(inherited)",
					"@executable_path/Frameworks",
					"@loader_path/Frameworks",
				);
				MARKETING_VERSION = 1.0;
				PRODUCT_BUNDLE_IDENTIFIER = com.viaplay.ViaplayGenerateScreenshots.FastlaneUITests;
				PRODUCT_NAME = "$(TARGET_NAME)";
				SWIFT_EMIT_LOC_STRINGS = NO;
				SWIFT_VERSION = 5.0;
				TARGETED_DEVICE_FAMILY = 3;
				TEST_TARGET_NAME = Fastlane;
			};
			name = Release;
		};
/* End XCBuildConfiguration section */

/* Begin XCConfigurationList section */
		A67CF57E275BE34000A31EEB /* Build configuration list for PBXProject "Fastlane" */ = {
			isa = XCConfigurationList;
			buildConfigurations = (
				A67CF5A5275BE34200A31EEB /* Debug */,
				A67CF5A6275BE34200A31EEB /* Release */,
			);
			defaultConfigurationIsVisible = 0;
			defaultConfigurationName = Release;
		};
		A67CF5A7275BE34200A31EEB /* Build configuration list for PBXNativeTarget "Fastlane" */ = {
			isa = XCConfigurationList;
			buildConfigurations = (
				A67CF5A8275BE34200A31EEB /* Debug */,
				A67CF5A9275BE34200A31EEB /* Release */,
			);
			defaultConfigurationIsVisible = 0;
			defaultConfigurationName = Release;
		};
		A67CF5AA275BE34200A31EEB /* Build configuration list for PBXNativeTarget "FastlaneTests" */ = {
			isa = XCConfigurationList;
			buildConfigurations = (
				A67CF5AB275BE34200A31EEB /* Debug */,
				A67CF5AC275BE34200A31EEB /* Release */,
			);
			defaultConfigurationIsVisible = 0;
			defaultConfigurationName = Release;
		};
		A67CF5AD275BE34200A31EEB /* Build configuration list for PBXNativeTarget "FastlaneUITests" */ = {
			isa = XCConfigurationList;
			buildConfigurations = (
				A67CF5AE275BE34200A31EEB /* Debug */,
				A67CF5AF275BE34200A31EEB /* Release */,
			);
			defaultConfigurationIsVisible = 0;
			defaultConfigurationName = Release;
		};
/* End XCConfigurationList section */
	};
	rootObject = A67CF57B275BE34000A31EEB /* Project object */;
}
